{
  "version": "5",
  "specifiers": {
    "jsr:@std/path@1.0.8": "1.0.8",
    "jsr:@std/yaml@1.0.5": "1.0.5",
    "npm:@opentelemetry/api@1.9.0": "1.9.0",
    "npm:jose@6.1.0": "6.1.0",
    "npm:marked@17.0.6": "17.0.6"
  },
  "jsr": {
    "@std/path@1.0.8": {
      "integrity": "548fa456bb6a04d3c1a1e7477986b6cffbce95102d0bb447c67c4ee70e0364be"
    },
    "@std/yaml@1.0.5": {
      "integrity": "71ba3d334305ee2149391931508b2c293a8490f94a337eef3a09cade1a2a2742"
    }
  },
  "npm": {
    "@opentelemetry/api@1.9.0": {
      "integrity": "sha512-3giAOQvZiH5F9bMlMiv8+GSPMeqg0dbaeo58/0SlA9sxSqZhnUtxzX9/2FzyhS9sWQf5S0GJE0AKBrFqjpeYcg=="
    },
    "jose@6.1.0": {
      "integrity": "sha512-TTQJyoEoKcC1lscpVDCSsVgYzUDg/0Bt3WE//WiTPK6uOCQC2KZS4MpugbMWt/zyjkopgZoXhZuCi00gLudfUA=="
    },
    "marked@17.0.6": {
      "integrity": "sha512-gB0gkNafnonOw0obSTEGZTT86IuhILt2Wfx0mWH/1Au83kybTayroZ/V6nS25mN7u8ASy+5fMhgB3XPNrOZdmA==",
      "bin": true
    }
  },
  "workspace": {
    "dependencies": [
      "jsr:@std/path@1.0.8",
      "jsr:@std/yaml@1.0.5",
      "npm:@opentelemetry/api@1.9.0",
      "npm:jose@6.1.0",
      "npm:marked@17.0.6"
    ]
  }
}
