// !$*UTF8*$!
{
	archiveVersion = 1;
	classes = {
	};
	objectVersion = 77;
	objects = {

/* Begin PBXBuildFile section */
		09EF14216F88A2FE609A045E /* AppSettings.swift in Sources */ = {isa = PBXBuildFile; fileRef = 2A00E74B2FA97B87BB16DE62 /* AppSettings.swift */; };
		0CE8A7912E1276060B495B32 /* AppFeature.swift in Sources */ = {isa = PBXBuildFile; fileRef = B3AD4C303AA4AA6B2DBB364B /* AppFeature.swift */; };
		0E780960273C674589602194 /* ServerFormView.swift in Sources */ = {isa = PBXBuildFile; fileRef = 4A280A2DD239DC6F53C2335B /* ServerFormView.swift */; };
		0FAB12FED152AD54C6492237 /* Perception in Frameworks */ = {isa = PBXBuildFile; productRef = D9AE1F0E9D423787EB495CDE /* Perception */; };
		133085D18B3D7A76E8F5752E /* CreateSessionView.swift in Sources */ = {isa = PBXBuildFile; fileRef = 1BFC7C5BE4B67D17E4FFC110 /* CreateSessionView.swift */; };
		174BEB35421CEB13C0CCA2F4 /* CasePaths in Frameworks */ = {isa = PBXBuildFile; productRef = C34461816FF0EC672BD3583E /* CasePaths */; };
		22B1528D07DB82B8D009D73F /* CreateSessionFeature.swift in Sources */ = {isa = PBXBuildFile; fileRef = 4B614C10B09DFE04E42D2B81 /* CreateSessionFeature.swift */; };
		289EBC5127DFA4BE46140967 /* SessionsFeature.swift in Sources */ = {isa = PBXBuildFile; fileRef = 3A8F4F3D410B4929FAD93F2C /* SessionsFeature.swift */; };
		3221A1A10F8FA9C68E63DA08 /* Clocks in Frameworks */ = {isa = PBXBuildFile; productRef = CC2BE91AE83336C9CDF5C0DC /* Clocks */; };
		3523B5D7A10CB92F0BBD2F4A /* IdentifiedCollections in Frameworks */ = {isa = PBXBuildFile; productRef = C70FD59F70035AD12A5E0D23 /* IdentifiedCollections */; };
		36143C8107616D3D09C2153C /* AppView.swift in Sources */ = {isa = PBXBuildFile; fileRef = C4B2CD33CDE601C70304E7DA /* AppView.swift */; };
		366F310E2242C29F7C141324 /* ComposableArchitecture in Frameworks */ = {isa = PBXBuildFile; productRef = 77954E7C36B136C1900F5DCD /* ComposableArchitecture */; };
		3703C9AD488FFC38656F5180 /* IdentifiedCollections in Frameworks */ = {isa = PBXBuildFile; productRef = 09A9041B72ECF4CF986C330A /* IdentifiedCollections */; };
		4087D8B237FF064D0D9199B4 /* Dependencies in Frameworks */ = {isa = PBXBuildFile; productRef = 98F274AC8A4E69D5E06A90D5 /* Dependencies */; };
		472B23749DF34A35C30B8323 /* XCTestDynamicOverlay in Frameworks */ = {isa = PBXBuildFile; productRef = 8FD5DAF162EB60FCC8D1A60A /* XCTestDynamicOverlay */; };
		488E0E7467FBE5102EDDAD24 /* ConcurrencyExtras in Frameworks */ = {isa = PBXBuildFile; productRef = CBDCEE2CA313643DBFEE8B57 /* ConcurrencyExtras */; };
		4B4BC89E738537E8FA1569B8 /* SettingsView.swift in Sources */ = {isa = PBXBuildFile; fileRef = E2F0608C1BA45A1A9ACE5418 /* SettingsView.swift */; };
		585D26FA1BD353CCF343E681 /* Sharing in Frameworks */ = {isa = PBXBuildFile; productRef = 81FCBA8E6C699FA3E7B00BA5 /* Sharing */; };
		5894BEBC8C64D782AD2C6DB7 /* SettingsFeatureTests.swift in Sources */ = {isa = PBXBuildFile; fileRef = 9A967AF458A270F9147302E6 /* SettingsFeatureTests.swift */; };
		5C8738E1E01E8E8EE65E0D8C /* Sharing in Frameworks */ = {isa = PBXBuildFile; productRef = 82FDB47980FF044BC54EB340 /* Sharing */; };
		616B5081EC38C8A72C94B065 /* OrderedCollections in Frameworks */ = {isa = PBXBuildFile; productRef = 29463DE8FB553E64E336C81D /* OrderedCollections */; };
		644F2712EF9E59FD867D4805 /* CombineSchedulers in Frameworks */ = {isa = PBXBuildFile; productRef = 6B503F50E44EB182747DEC1F /* CombineSchedulers */; };
		65C24483E3B6300D340258FF /* WuhuAPI in Frameworks */ = {isa = PBXBuildFile; productRef = 32B7B3C766404409A6DEED23 /* WuhuAPI */; };
		6EDD4804FFCC8F985272850C /* CasePaths in Frameworks */ = {isa = PBXBuildFile; productRef = 9D5FF342994EA99F0E8CA5AD /* CasePaths */; };
		74BDBE97421A2C461E0FDF01 /* CustomDump in Frameworks */ = {isa = PBXBuildFile; productRef = 38861AA3277B3118C3CCAC65 /* CustomDump */; };
		756829D9B639A98C62B7CEBB /* Dependencies in Frameworks */ = {isa = PBXBuildFile; productRef = E5ED47BC9A0C36A545EC5B95 /* Dependencies */; };
		76626E833F8616D48733A8B5 /* SettingsFeature.swift in Sources */ = {isa = PBXBuildFile; fileRef = 01756EC676E3E87D5841CB37 /* SettingsFeature.swift */; };
		7BE4CABF012B7D67198DB6D2 /* IssueReporting in Frameworks */ = {isa = PBXBuildFile; productRef = 58C7405DC30D39E7D43796D0 /* IssueReporting */; };
		7D79D5888098B9D4A619BBD4 /* SessionDetailFeature.swift in Sources */ = {isa = PBXBuildFile; fileRef = AD39109C72DDA1F7CD508723 /* SessionDetailFeature.swift */; };
		A268D494C231704E4A288B1E /* Perception in Frameworks */ = {isa = PBXBuildFile; productRef = FDA8A04E47C63A360F3753D7 /* Perception */; };
		A299E1D50C912EE853B12A26 /* ComposableArchitecture in Frameworks */ = {isa = PBXBuildFile; productRef = 3F2AF5D83390F0B09E2C5241 /* ComposableArchitecture */; };
		A5B8421A6985E09AFC6A231E /* ServerFormFeature.swift in Sources */ = {isa = PBXBuildFile; fileRef = 26DDD98B668893A9C7C7386C /* ServerFormFeature.swift */; };
		A6DAD44B7CC68FE79545ABA5 /* ConcurrencyExtras in Frameworks */ = {isa = PBXBuildFile; productRef = D29738F909FD757081C52B71 /* ConcurrencyExtras */; };
		A7034629FC2BC41025DC334C /* SwiftUINavigation in Frameworks */ = {isa = PBXBuildFile; productRef = 34386B6DB75564D94A08F58C /* SwiftUINavigation */; };
		B095D088B2872D9B6CF96C3A /* CombineSchedulers in Frameworks */ = {isa = PBXBuildFile; productRef = 7F924732D330E4A5C343D99E /* CombineSchedulers */; };
		B0F8FEF6AC62DE7950B72B05 /* SessionDetailView.swift in Sources */ = {isa = PBXBuildFile; fileRef = AD95572A09E5C7026E943A9A /* SessionDetailView.swift */; };
		B8190597A526D55673751FCF /* SessionsFeatureTests.swift in Sources */ = {isa = PBXBuildFile; fileRef = B4364BEF5B53827CEF425506 /* SessionsFeatureTests.swift */; };
		BB79EA3C1C51955AB3FFBE87 /* UIKitNavigation in Frameworks */ = {isa = PBXBuildFile; productRef = 7D0CF6934D649BFEA7BC4454 /* UIKitNavigation */; };
		C63A2DB66F4CBE7C2C266653 /* XCTestDynamicOverlay in Frameworks */ = {isa = PBXBuildFile; productRef = C63108BF99F74F20535D17B8 /* XCTestDynamicOverlay */; };
		C69EC29BBA7313A137427FC7 /* WuhuApp.swift in Sources */ = {isa = PBXBuildFile; fileRef = AD72A41175679453D3BB8038 /* WuhuApp.swift */; };
		D6749F466AF323E04013038B /* Dependencies.swift in Sources */ = {isa = PBXBuildFile; fileRef = 95FBA3901AD21B066C14C828 /* Dependencies.swift */; };
		D694AE631DCEAA7791460D85 /* Clocks in Frameworks */ = {isa = PBXBuildFile; productRef = E6DF445C3C19F913DEBBF6D5 /* Clocks */; };
		D6BCA8C7B4B10D7C9AA0A199 /* UIKitNavigation in Frameworks */ = {isa = PBXBuildFile; productRef = 72ABF38CA549C89DCDFB95DB /* UIKitNavigation */; };
		DC391E680B734A19911CFA07 /* OrderedCollections in Frameworks */ = {isa = PBXBuildFile; productRef = FE1FD5DB11BF3F37EA90EEEB /* OrderedCollections */; };
		E58782F13C29D5EFCB723CF6 /* SessionsView.swift in Sources */ = {isa = PBXBuildFile; fileRef = 0657A3CBD722234C900372E0 /* SessionsView.swift */; };
		F368CE8B7375A5DF68A8E274 /* SwiftUINavigation in Frameworks */ = {isa = PBXBuildFile; productRef = 779E98A1FE58655890260D19 /* SwiftUINavigation */; };
		F3AF15EE82DF915929811B3E /* IssueReporting in Frameworks */ = {isa = PBXBuildFile; productRef = B198D95307A31F7F852EC5D7 /* IssueReporting */; };
		F6630286AE39B35700D0FCDE /* CustomDump in Frameworks */ = {isa = PBXBuildFile; productRef = 16FBF1D2EB3E167E19702CC7 /* CustomDump */; };
		FD9EF33EDD712C35357351EE /* WuhuClient in Frameworks */ = {isa = PBXBuildFile; productRef = 637AF3F7088D4F802B2781DC /* WuhuClient */; };
/* End PBXBuildFile section */

/* Begin PBXContainerItemProxy section */
		7578B2C166200531C7DCF9C7 /* PBXContainerItemProxy */ = {
			isa = PBXContainerItemProxy;
			containerPortal = 3233010DE9FBD9236FFEB4A5 /* Project object */;
			proxyType = 1;
			remoteGlobalIDString = FC58972902E86D45C33CC259;
			remoteInfo = WuhuApp;
		};
/* End PBXContainerItemProxy section */

/* Begin PBXFileReference section */
		01756EC676E3E87D5841CB37 /* SettingsFeature.swift */ = {isa = PBXFileReference; lastKnownFileType = sourcecode.swift; path = SettingsFeature.swift; sourceTree = "<group>"; };
		0657A3CBD722234C900372E0 /* SessionsView.swift */ = {isa = PBXFileReference; lastKnownFileType = sourcecode.swift; path = SessionsView.swift; sourceTree = "<group>"; };
		1035E53D6BE339BFB4F6372B /* Info.plist */ = {isa = PBXFileReference; lastKnownFileType = text.plist; path = Info.plist; sourceTree = "<group>"; };
		1BFC7C5BE4B67D17E4FFC110 /* CreateSessionView.swift */ = {isa = PBXFileReference; lastKnownFileType = sourcecode.swift; path = CreateSessionView.swift; sourceTree = "<group>"; };
		26DDD98B668893A9C7C7386C /* ServerFormFeature.swift */ = {isa = PBXFileReference; lastKnownFileType = sourcecode.swift; path = ServerFormFeature.swift; sourceTree = "<group>"; };
		2A00E74B2FA97B87BB16DE62 /* AppSettings.swift */ = {isa = PBXFileReference; lastKnownFileType = sourcecode.swift; path = AppSettings.swift; sourceTree = "<group>"; };
		3A8F4F3D410B4929FAD93F2C /* SessionsFeature.swift */ = {isa = PBXFileReference; lastKnownFileType = sourcecode.swift; path = SessionsFeature.swift; sourceTree = "<group>"; };
		4A280A2DD239DC6F53C2335B /* ServerFormView.swift */ = {isa = PBXFileReference; lastKnownFileType = sourcecode.swift; path = ServerFormView.swift; sourceTree = "<group>"; };
		4B614C10B09DFE04E42D2B81 /* CreateSessionFeature.swift */ = {isa = PBXFileReference; lastKnownFileType = sourcecode.swift; path = CreateSessionFeature.swift; sourceTree = "<group>"; };
		95FBA3901AD21B066C14C828 /* Dependencies.swift */ = {isa = PBXFileReference; lastKnownFileType = sourcecode.swift; path = Dependencies.swift; sourceTree = "<group>"; };
		9A967AF458A270F9147302E6 /* SettingsFeatureTests.swift */ = {isa = PBXFileReference; lastKnownFileType = sourcecode.swift; path = SettingsFeatureTests.swift; sourceTree = "<group>"; };
		AB1A01648EF7CCEC717A3672 /* WuhuAppTests.xctest */ = {isa = PBXFileReference; includeInIndex = 0; lastKnownFileType = wrapper.cfbundle; path = WuhuAppTests.xctest; sourceTree = BUILT_PRODUCTS_DIR; };
		AD39109C72DDA1F7CD508723 /* SessionDetailFeature.swift */ = {isa = PBXFileReference; lastKnownFileType = sourcecode.swift; path = SessionDetailFeature.swift; sourceTree = "<group>"; };
		AD72A41175679453D3BB8038 /* WuhuApp.swift */ = {isa = PBXFileReference; lastKnownFileType = sourcecode.swift; path = WuhuApp.swift; sourceTree = "<group>"; };
		AD95572A09E5C7026E943A9A /* SessionDetailView.swift */ = {isa = PBXFileReference; lastKnownFileType = sourcecode.swift; path = SessionDetailView.swift; sourceTree = "<group>"; };
		B3AD4C303AA4AA6B2DBB364B /* AppFeature.swift */ = {isa = PBXFileReference; lastKnownFileType = sourcecode.swift; path = AppFeature.swift; sourceTree = "<group>"; };
		B4364BEF5B53827CEF425506 /* SessionsFeatureTests.swift */ = {isa = PBXFileReference; lastKnownFileType = sourcecode.swift; path = SessionsFeatureTests.swift; sourceTree = "<group>"; };
		B8E38BD4CEED50C2B5CE952F /* WuhuApp.app */ = {isa = PBXFileReference; includeInIndex = 0; lastKnownFileType = wrapper.application; path = WuhuApp.app; sourceTree = BUILT_PRODUCTS_DIR; };
		BE416CEEFFB5D64691452F69 /* wuhu-swift */ = {isa = PBXFileReference; lastKnownFileType = folder; name = "wuhu-swift"; path = ..; sourceTree = SOURCE_ROOT; };
		C4B2CD33CDE601C70304E7DA /* AppView.swift */ = {isa = PBXFileReference; lastKnownFileType = sourcecode.swift; path = AppView.swift; sourceTree = "<group>"; };
		E2F0608C1BA45A1A9ACE5418 /* SettingsView.swift */ = {isa = PBXFileReference; lastKnownFileType = sourcecode.swift; path = SettingsView.swift; sourceTree = "<group>"; };
/* End PBXFileReference section */

/* Begin PBXFrameworksBuildPhase section */
		8EE8C1DF03ADD5A55AE59CB8 /* Frameworks */ = {
			isa = PBXFrameworksBuildPhase;
			buildActionMask = 2147483647;
			files = (
				A299E1D50C912EE853B12A26 /* ComposableArchitecture in Frameworks */,
				DC391E680B734A19911CFA07 /* OrderedCollections in Frameworks */,
				174BEB35421CEB13C0CCA2F4 /* CasePaths in Frameworks */,
				3523B5D7A10CB92F0BBD2F4A /* IdentifiedCollections in Frameworks */,
				3221A1A10F8FA9C68E63DA08 /* Clocks in Frameworks */,
				756829D9B639A98C62B7CEBB /* Dependencies in Frameworks */,
				A6DAD44B7CC68FE79545ABA5 /* ConcurrencyExtras in Frameworks */,
				F6630286AE39B35700D0FCDE /* CustomDump in Frameworks */,
				B095D088B2872D9B6CF96C3A /* CombineSchedulers in Frameworks */,
				0FAB12FED152AD54C6492237 /* Perception in Frameworks */,
				5C8738E1E01E8E8EE65E0D8C /* Sharing in Frameworks */,
				F368CE8B7375A5DF68A8E274 /* SwiftUINavigation in Frameworks */,
				BB79EA3C1C51955AB3FFBE87 /* UIKitNavigation in Frameworks */,
				F3AF15EE82DF915929811B3E /* IssueReporting in Frameworks */,
				C63A2DB66F4CBE7C2C266653 /* XCTestDynamicOverlay in Frameworks */,
			);
			runOnlyForDeploymentPostprocessing = 0;
		};
		C7A445A894F811D2178F6A99 /* Frameworks */ = {
			isa = PBXFrameworksBuildPhase;
			buildActionMask = 2147483647;
			files = (
				FD9EF33EDD712C35357351EE /* WuhuClient in Frameworks */,
				65C24483E3B6300D340258FF /* WuhuAPI in Frameworks */,
				366F310E2242C29F7C141324 /* ComposableArchitecture in Frameworks */,
				616B5081EC38C8A72C94B065 /* OrderedCollections in Frameworks */,
				6EDD4804FFCC8F985272850C /* CasePaths in Frameworks */,
				3703C9AD488FFC38656F5180 /* IdentifiedCollections in Frameworks */,
				D694AE631DCEAA7791460D85 /* Clocks in Frameworks */,
				4087D8B237FF064D0D9199B4 /* Dependencies in Frameworks */,
				488E0E7467FBE5102EDDAD24 /* ConcurrencyExtras in Frameworks */,
				74BDBE97421A2C461E0FDF01 /* CustomDump in Frameworks */,
				644F2712EF9E59FD867D4805 /* CombineSchedulers in Frameworks */,
				A268D494C231704E4A288B1E /* Perception in Frameworks */,
				585D26FA1BD353CCF343E681 /* Sharing in Frameworks */,
				A7034629FC2BC41025DC334C /* SwiftUINavigation in Frameworks */,
				D6BCA8C7B4B10D7C9AA0A199 /* UIKitNavigation in Frameworks */,
				7BE4CABF012B7D67198DB6D2 /* IssueReporting in Frameworks */,
				472B23749DF34A35C30B8323 /* XCTestDynamicOverlay in Frameworks */,
			);
			runOnlyForDeploymentPostprocessing = 0;
		};
/* End PBXFrameworksBuildPhase section */

/* Begin PBXGroup section */
		320C9E6B3FE1A2AD9938B07E /* Packages */ = {
			isa = PBXGroup;
			children = (
				BE416CEEFFB5D64691452F69 /* wuhu-swift */,
			);
			name = Packages;
			sourceTree = "<group>";
		};
		5F7F9E83BD33FC5CB65E07B2 /* Tests */ = {
			isa = PBXGroup;
			children = (
				B4364BEF5B53827CEF425506 /* SessionsFeatureTests.swift */,
				9A967AF458A270F9147302E6 /* SettingsFeatureTests.swift */,
			);
			path = Tests;
			sourceTree = "<group>";
		};
		AC2DC860EED68EB12FE67B54 /* Sources */ = {
			isa = PBXGroup;
			children = (
				B3AD4C303AA4AA6B2DBB364B /* AppFeature.swift */,
				2A00E74B2FA97B87BB16DE62 /* AppSettings.swift */,
				C4B2CD33CDE601C70304E7DA /* AppView.swift */,
				4B614C10B09DFE04E42D2B81 /* CreateSessionFeature.swift */,
				1BFC7C5BE4B67D17E4FFC110 /* CreateSessionView.swift */,
				95FBA3901AD21B066C14C828 /* Dependencies.swift */,
				1035E53D6BE339BFB4F6372B /* Info.plist */,
				26DDD98B668893A9C7C7386C /* ServerFormFeature.swift */,
				4A280A2DD239DC6F53C2335B /* ServerFormView.swift */,
				AD39109C72DDA1F7CD508723 /* SessionDetailFeature.swift */,
				AD95572A09E5C7026E943A9A /* SessionDetailView.swift */,
				3A8F4F3D410B4929FAD93F2C /* SessionsFeature.swift */,
				0657A3CBD722234C900372E0 /* SessionsView.swift */,
				01756EC676E3E87D5841CB37 /* SettingsFeature.swift */,
				E2F0608C1BA45A1A9ACE5418 /* SettingsView.swift */,
				AD72A41175679453D3BB8038 /* WuhuApp.swift */,
			);
			path = Sources;
			sourceTree = "<group>";
		};
		AF4CA59872797A273EFF65ED /* Products */ = {
			isa = PBXGroup;
			children = (
				B8E38BD4CEED50C2B5CE952F /* WuhuApp.app */,
				AB1A01648EF7CCEC717A3672 /* WuhuAppTests.xctest */,
			);
			name = Products;
			sourceTree = "<group>";
		};
		FD1CE80CC188B0B47408F256 = {
			isa = PBXGroup;
			children = (
				320C9E6B3FE1A2AD9938B07E /* Packages */,
				AC2DC860EED68EB12FE67B54 /* Sources */,
				5F7F9E83BD33FC5CB65E07B2 /* Tests */,
				AF4CA59872797A273EFF65ED /* Products */,
			);
			sourceTree = "<group>";
		};
/* End PBXGroup section */

/* Begin PBXNativeTarget section */
		B01C1D50CF361B959B694C6B /* WuhuAppTests */ = {
			isa = PBXNativeTarget;
			buildConfigurationList = D3A27607FEADB530767F6B60 /* Build configuration list for PBXNativeTarget "WuhuAppTests" */;
			buildPhases = (
				5C5B93F3B9B63DDEC5555D68 /* Sources */,
				8EE8C1DF03ADD5A55AE59CB8 /* Frameworks */,
			);
			buildRules = (
			);
			dependencies = (
				1B552E2F33383BCFBC5A979D /* PBXTargetDependency */,
			);
			name = WuhuAppTests;
			packageProductDependencies = (
				3F2AF5D83390F0B09E2C5241 /* ComposableArchitecture */,
				FE1FD5DB11BF3F37EA90EEEB /* OrderedCollections */,
				C34461816FF0EC672BD3583E /* CasePaths */,
				C70FD59F70035AD12A5E0D23 /* IdentifiedCollections */,
				CC2BE91AE83336C9CDF5C0DC /* Clocks */,
				E5ED47BC9A0C36A545EC5B95 /* Dependencies */,
				D29738F909FD757081C52B71 /* ConcurrencyExtras */,
				16FBF1D2EB3E167E19702CC7 /* CustomDump */,
				7F924732D330E4A5C343D99E /* CombineSchedulers */,
				D9AE1F0E9D423787EB495CDE /* Perception */,
				82FDB47980FF044BC54EB340 /* Sharing */,
				779E98A1FE58655890260D19 /* SwiftUINavigation */,
				7D0CF6934D649BFEA7BC4454 /* UIKitNavigation */,
				B198D95307A31F7F852EC5D7 /* IssueReporting */,
				C63108BF99F74F20535D17B8 /* XCTestDynamicOverlay */,
			);
			productName = WuhuAppTests;
			productReference = AB1A01648EF7CCEC717A3672 /* WuhuAppTests.xctest */;
			productType = "com.apple.product-type.bundle.unit-test";
		};
		FC58972902E86D45C33CC259 /* WuhuApp */ = {
			isa = PBXNativeTarget;
			buildConfigurationList = CB13AE241ABD7F3C9C5F4E91 /* Build configuration list for PBXNativeTarget "WuhuApp" */;
			buildPhases = (
				8DFB9650438F1D29586496C3 /* Sources */,
				C7A445A894F811D2178F6A99 /* Frameworks */,
			);
			buildRules = (
			);
			dependencies = (
			);
			name = WuhuApp;
			packageProductDependencies = (
				637AF3F7088D4F802B2781DC /* WuhuClient */,
				32B7B3C766404409A6DEED23 /* WuhuAPI */,
				77954E7C36B136C1900F5DCD /* ComposableArchitecture */,
				29463DE8FB553E64E336C81D /* OrderedCollections */,
				9D5FF342994EA99F0E8CA5AD /* CasePaths */,
				09A9041B72ECF4CF986C330A /* IdentifiedCollections */,
				E6DF445C3C19F913DEBBF6D5 /* Clocks */,
				98F274AC8A4E69D5E06A90D5 /* Dependencies */,
				CBDCEE2CA313643DBFEE8B57 /* ConcurrencyExtras */,
				38861AA3277B3118C3CCAC65 /* CustomDump */,
				6B503F50E44EB182747DEC1F /* CombineSchedulers */,
				FDA8A04E47C63A360F3753D7 /* Perception */,
				81FCBA8E6C699FA3E7B00BA5 /* Sharing */,
				34386B6DB75564D94A08F58C /* SwiftUINavigation */,
				72ABF38CA549C89DCDFB95DB /* UIKitNavigation */,
				58C7405DC30D39E7D43796D0 /* IssueReporting */,
				8FD5DAF162EB60FCC8D1A60A /* XCTestDynamicOverlay */,
			);
			productName = WuhuApp;
			productReference = B8E38BD4CEED50C2B5CE952F /* WuhuApp.app */;
			productType = "com.apple.product-type.application";
		};
/* End PBXNativeTarget section */

/* Begin PBXProject section */
		3233010DE9FBD9236FFEB4A5 /* Project object */ = {
			isa = PBXProject;
			attributes = {
				BuildIndependentTargetsInParallel = YES;
				LastUpgradeCheck = 1430;
				TargetAttributes = {
					B01C1D50CF361B959B694C6B = {
						DevelopmentTeam = 97W7A3Y9GD;
						ProvisioningStyle = Automatic;
					};
					FC58972902E86D45C33CC259 = {
						DevelopmentTeam = 97W7A3Y9GD;
						ProvisioningStyle = Automatic;
					};
				};
			};
			buildConfigurationList = AF1D2ED677FE0D174410B232 /* Build configuration list for PBXProject "WuhuApp" */;
			compatibilityVersion = "Xcode 14.0";
			developmentRegion = en;
			hasScannedForEncodings = 0;
			knownRegions = (
				Base,
				en,
			);
			mainGroup = FD1CE80CC188B0B47408F256;
			minimizedProjectReferenceProxies = 1;
			packageReferences = (
				2C88E990F392244B91FAF304 /* XCRemoteSwiftPackageReference "swift-case-paths" */,
				F965D78F039953905009EE1E /* XCRemoteSwiftPackageReference "swift-clocks" */,
				7910AA24295EEA8479B40FFB /* XCRemoteSwiftPackageReference "combine-schedulers" */,
				A50C9D7281F762DEE2441FD1 /* XCRemoteSwiftPackageReference "swift-composable-architecture" */,
				C25D5712E32BF66A552A9532 /* XCRemoteSwiftPackageReference "swift-concurrency-extras" */,
				E06C2ABC01EF4DFEE16D201B /* XCRemoteSwiftPackageReference "swift-custom-dump" */,
				D7654F8677674F9D12C149C8 /* XCRemoteSwiftPackageReference "swift-dependencies" */,
				3292281C5E232258F436252F /* XCRemoteSwiftPackageReference "swift-identified-collections" */,
				C337A7444F8EB0473BDE1C00 /* XCRemoteSwiftPackageReference "swift-perception" */,
				52668D81F08533FD63B15C0C /* XCRemoteSwiftPackageReference "swift-sharing" */,
				D68EC00895C5BC7E0F77DB08 /* XCRemoteSwiftPackageReference "swift-collections" */,
				5B1F01722F247AA025EE310E /* XCRemoteSwiftPackageReference "swift-navigation" */,
				64EB064B6B4C7E0396FB11D6 /* XCRemoteSwiftPackageReference "xctest-dynamic-overlay" */,
				5D9C399B8910DAA526E0B1B1 /* XCLocalSwiftPackageReference ".." */,
			);
			preferredProjectObjectVersion = 77;
			projectDirPath = "";
			projectRoot = "";
			targets = (
				FC58972902E86D45C33CC259 /* WuhuApp */,
				B01C1D50CF361B959B694C6B /* WuhuAppTests */,
			);
		};
/* End PBXProject section */

/* Begin PBXSourcesBuildPhase section */
		5C5B93F3B9B63DDEC5555D68 /* Sources */ = {
			isa = PBXSourcesBuildPhase;
			buildActionMask = 2147483647;
			files = (
				B8190597A526D55673751FCF /* SessionsFeatureTests.swift in Sources */,
				5894BEBC8C64D782AD2C6DB7 /* SettingsFeatureTests.swift in Sources */,
			);
			runOnlyForDeploymentPostprocessing = 0;
		};
		8DFB9650438F1D29586496C3 /* Sources */ = {
			isa = PBXSourcesBuildPhase;
			buildActionMask = 2147483647;
			files = (
				0CE8A7912E1276060B495B32 /* AppFeature.swift in Sources */,
				09EF14216F88A2FE609A045E /* AppSettings.swift in Sources */,
				36143C8107616D3D09C2153C /* AppView.swift in Sources */,
				22B1528D07DB82B8D009D73F /* CreateSessionFeature.swift in Sources */,
				133085D18B3D7A76E8F5752E /* CreateSessionView.swift in Sources */,
				D6749F466AF323E04013038B /* Dependencies.swift in Sources */,
				A5B8421A6985E09AFC6A231E /* ServerFormFeature.swift in Sources */,
				0E780960273C674589602194 /* ServerFormView.swift in Sources */,
				7D79D5888098B9D4A619BBD4 /* SessionDetailFeature.swift in Sources */,
				B0F8FEF6AC62DE7950B72B05 /* SessionDetailView.swift in Sources */,
				289EBC5127DFA4BE46140967 /* SessionsFeature.swift in Sources */,
				E58782F13C29D5EFCB723CF6 /* SessionsView.swift in Sources */,
				76626E833F8616D48733A8B5 /* SettingsFeature.swift in Sources */,
				4B4BC89E738537E8FA1569B8 /* SettingsView.swift in Sources */,
				C69EC29BBA7313A137427FC7 /* WuhuApp.swift in Sources */,
			);
			runOnlyForDeploymentPostprocessing = 0;
		};
/* End PBXSourcesBuildPhase section */

/* Begin PBXTargetDependency section */
		1B552E2F33383BCFBC5A979D /* PBXTargetDependency */ = {
			isa = PBXTargetDependency;
			target = FC58972902E86D45C33CC259 /* WuhuApp */;
			targetProxy = 7578B2C166200531C7DCF9C7 /* PBXContainerItemProxy */;
		};
/* End PBXTargetDependency section */

/* Begin XCBuildConfiguration section */
		3ED29CEE17301272D9A60D37 /* Debug */ = {
			isa = XCBuildConfiguration;
			buildSettings = {
				ASSETCATALOG_COMPILER_APPICON_NAME = AppIcon;
				CODE_SIGN_IDENTITY = "iPhone Developer";
				INFOPLIST_FILE = Sources/Info.plist;
				LD_RUNPATH_SEARCH_PATHS = (
					"$(inherited)",
					"@executable_path/Frameworks",
				);
				PRODUCT_BUNDLE_IDENTIFIER = ms.liu.wuhu.ios;
				SDKROOT = iphoneos;
				TARGETED_DEVICE_FAMILY = "1,2";
			};
			name = Debug;
		};
		57A56C17510E0479312B4AE8 /* Debug */ = {
			isa = XCBuildConfiguration;
			buildSettings = {
				ALWAYS_SEARCH_USER_PATHS = NO;
				CLANG_ANALYZER_NONNULL = YES;
				CLANG_ANALYZER_NUMBER_OBJECT_CONVERSION = YES_AGGRESSIVE;
				CLANG_CXX_LANGUAGE_STANDARD = "gnu++14";
				CLANG_CXX_LIBRARY = "libc++";
				CLANG_ENABLE_MODULES = YES;
				CLANG_ENABLE_OBJC_ARC = YES;
				CLANG_ENABLE_OBJC_WEAK = YES;
				CLANG_WARN_BLOCK_CAPTURE_AUTORELEASING = YES;
				CLANG_WARN_BOOL_CONVERSION = YES;
				CLANG_WARN_COMMA = YES;
				CLANG_WARN_CONSTANT_CONVERSION = YES;
				CLANG_WARN_DEPRECATED_OBJC_IMPLEMENTATIONS = YES;
				CLANG_WARN_DIRECT_OBJC_ISA_USAGE = YES_ERROR;
				CLANG_WARN_DOCUMENTATION_COMMENTS = YES;
				CLANG_WARN_EMPTY_BODY = YES;
				CLANG_WARN_ENUM_CONVERSION = YES;
				CLANG_WARN_INFINITE_RECURSION = YES;
				CLANG_WARN_INT_CONVERSION = YES;
				CLANG_WARN_NON_LITERAL_NULL_CONVERSION = YES;
				CLANG_WARN_OBJC_IMPLICIT_RETAIN_SELF = YES;
				CLANG_WARN_OBJC_LITERAL_CONVERSION = YES;
				CLANG_WARN_OBJC_ROOT_CLASS = YES_ERROR;
				CLANG_WARN_QUOTED_INCLUDE_IN_FRAMEWORK_HEADER = YES;
				CLANG_WARN_RANGE_LOOP_ANALYSIS = YES;
				CLANG_WARN_STRICT_PROTOTYPES = YES;
				CLANG_WARN_SUSPICIOUS_MOVE = YES;
				CLANG_WARN_UNGUARDED_AVAILABILITY = YES_AGGRESSIVE;
				CLANG_WARN_UNREACHABLE_CODE = YES;
				CLANG_WARN__DUPLICATE_METHOD_MATCH = YES;
				CODE_SIGN_STYLE = Automatic;
				COPY_PHASE_STRIP = NO;
				DEBUG_INFORMATION_FORMAT = dwarf;
				DEVELOPMENT_TEAM = 97W7A3Y9GD;
				ENABLE_STRICT_OBJC_MSGSEND = YES;
				ENABLE_TESTABILITY = YES;
				GCC_C_LANGUAGE_STANDARD = gnu11;
				GCC_DYNAMIC_NO_PIC = NO;
				GCC_NO_COMMON_BLOCKS = YES;
				GCC_OPTIMIZATION_LEVEL = 0;
				GCC_PREPROCESSOR_DEFINITIONS = (
					"$(inherited)",
					"DEBUG=1",
				);
				GCC_WARN_64_TO_32_BIT_CONVERSION = YES;
				GCC_WARN_ABOUT_RETURN_TYPE = YES_ERROR;
				GCC_WARN_UNDECLARED_SELECTOR = YES;
				GCC_WARN_UNINITIALIZED_AUTOS = YES_AGGRESSIVE;
				GCC_WARN_UNUSED_FUNCTION = YES;
				GCC_WARN_UNUSED_VARIABLE = YES;
				IPHONEOS_DEPLOYMENT_TARGET = 26.0;
				MTL_ENABLE_DEBUG_INFO = INCLUDE_SOURCE;
				MTL_FAST_MATH = YES;
				ONLY_ACTIVE_ARCH = YES;
				PRODUCT_NAME = "$(TARGET_NAME)";
				SDKROOT = iphoneos;
				SWIFT_ACTIVE_COMPILATION_CONDITIONS = DEBUG;
				SWIFT_OPTIMIZATION_LEVEL = "-Onone";
				SWIFT_VERSION = 5.0;
			};
			name = Debug;
		};
		59000A39D9988FE189266B96 /* Release */ = {
			isa = XCBuildConfiguration;
			buildSettings = {
				ALWAYS_SEARCH_USER_PATHS = NO;
				CLANG_ANALYZER_NONNULL = YES;
				CLANG_ANALYZER_NUMBER_OBJECT_CONVERSION = YES_AGGRESSIVE;
				CLANG_CXX_LANGUAGE_STANDARD = "gnu++14";
				CLANG_CXX_LIBRARY = "libc++";
				CLANG_ENABLE_MODULES = YES;
				CLANG_ENABLE_OBJC_ARC = YES;
				CLANG_ENABLE_OBJC_WEAK = YES;
				CLANG_WARN_BLOCK_CAPTURE_AUTORELEASING = YES;
				CLANG_WARN_BOOL_CONVERSION = YES;
				CLANG_WARN_COMMA = YES;
				CLANG_WARN_CONSTANT_CONVERSION = YES;
				CLANG_WARN_DEPRECATED_OBJC_IMPLEMENTATIONS = YES;
				CLANG_WARN_DIRECT_OBJC_ISA_USAGE = YES_ERROR;
				CLANG_WARN_DOCUMENTATION_COMMENTS = YES;
				CLANG_WARN_EMPTY_BODY = YES;
				CLANG_WARN_ENUM_CONVERSION = YES;
				CLANG_WARN_INFINITE_RECURSION = YES;
				CLANG_WARN_INT_CONVERSION = YES;
				CLANG_WARN_NON_LITERAL_NULL_CONVERSION = YES;
				CLANG_WARN_OBJC_IMPLICIT_RETAIN_SELF = YES;
				CLANG_WARN_OBJC_LITERAL_CONVERSION = YES;
				CLANG_WARN_OBJC_ROOT_CLASS = YES_ERROR;
				CLANG_WARN_QUOTED_INCLUDE_IN_FRAMEWORK_HEADER = YES;
				CLANG_WARN_RANGE_LOOP_ANALYSIS = YES;
				CLANG_WARN_STRICT_PROTOTYPES = YES;
				CLANG_WARN_SUSPICIOUS_MOVE = YES;
				CLANG_WARN_UNGUARDED_AVAILABILITY = YES_AGGRESSIVE;
				CLANG_WARN_UNREACHABLE_CODE = YES;
				CLANG_WARN__DUPLICATE_METHOD_MATCH = YES;
				CODE_SIGN_STYLE = Automatic;
				COPY_PHASE_STRIP = NO;
				DEBUG_INFORMATION_FORMAT = "dwarf-with-dsym";
				DEVELOPMENT_TEAM = 97W7A3Y9GD;
				ENABLE_NS_ASSERTIONS = NO;
				ENABLE_STRICT_OBJC_MSGSEND = YES;
				GCC_C_LANGUAGE_STANDARD = gnu11;
				GCC_NO_COMMON_BLOCKS = YES;
				GCC_WARN_64_TO_32_BIT_CONVERSION = YES;
				GCC_WARN_ABOUT_RETURN_TYPE = YES_ERROR;
				GCC_WARN_UNDECLARED_SELECTOR = YES;
				GCC_WARN_UNINITIALIZED_AUTOS = YES_AGGRESSIVE;
				GCC_WARN_UNUSED_FUNCTION = YES;
				GCC_WARN_UNUSED_VARIABLE = YES;
				IPHONEOS_DEPLOYMENT_TARGET = 26.0;
				MTL_ENABLE_DEBUG_INFO = NO;
				MTL_FAST_MATH = YES;
				PRODUCT_NAME = "$(TARGET_NAME)";
				SDKROOT = iphoneos;
				SWIFT_COMPILATION_MODE = wholemodule;
				SWIFT_OPTIMIZATION_LEVEL = "-O";
				SWIFT_VERSION = 5.0;
			};
			name = Release;
		};
		A38E82DED6233D5251D82C10 /* Debug */ = {
			isa = XCBuildConfiguration;
			buildSettings = {
				BUNDLE_LOADER = "$(TEST_HOST)";
				GENERATE_INFOPLIST_FILE = YES;
				LD_RUNPATH_SEARCH_PATHS = (
					"$(inherited)",
					"@executable_path/Frameworks",
					"@loader_path/Frameworks",
				);
				SDKROOT = iphoneos;
				TARGETED_DEVICE_FAMILY = "1,2";
				TEST_HOST = "$(BUILT_PRODUCTS_DIR)/WuhuApp.app/WuhuApp";
			};
			name = Debug;
		};
		E449BC5A924633F914B51BA8 /* Release */ = {
			isa = XCBuildConfiguration;
			buildSettings = {
				ASSETCATALOG_COMPILER_APPICON_NAME = AppIcon;
				CODE_SIGN_IDENTITY = "iPhone Developer";
				INFOPLIST_FILE = Sources/Info.plist;
				LD_RUNPATH_SEARCH_PATHS = (
					"$(inherited)",
					"@executable_path/Frameworks",
				);
				PRODUCT_BUNDLE_IDENTIFIER = ms.liu.wuhu.ios;
				SDKROOT = iphoneos;
				TARGETED_DEVICE_FAMILY = "1,2";
			};
			name = Release;
		};
		E4C71323722D741C910F7BF1 /* Release */ = {
			isa = XCBuildConfiguration;
			buildSettings = {
				BUNDLE_LOADER = "$(TEST_HOST)";
				GENERATE_INFOPLIST_FILE = YES;
				LD_RUNPATH_SEARCH_PATHS = (
					"$(inherited)",
					"@executable_path/Frameworks",
					"@loader_path/Frameworks",
				);
				SDKROOT = iphoneos;
				TARGETED_DEVICE_FAMILY = "1,2";
				TEST_HOST = "$(BUILT_PRODUCTS_DIR)/WuhuApp.app/WuhuApp";
			};
			name = Release;
		};
/* End XCBuildConfiguration section */

/* Begin XCConfigurationList section */
		AF1D2ED677FE0D174410B232 /* Build configuration list for PBXProject "WuhuApp" */ = {
			isa = XCConfigurationList;
			buildConfigurations = (
				57A56C17510E0479312B4AE8 /* Debug */,
				59000A39D9988FE189266B96 /* Release */,
			);
			defaultConfigurationIsVisible = 0;
			defaultConfigurationName = Debug;
		};
		CB13AE241ABD7F3C9C5F4E91 /* Build configuration list for PBXNativeTarget "WuhuApp" */ = {
			isa = XCConfigurationList;
			buildConfigurations = (
				3ED29CEE17301272D9A60D37 /* Debug */,
				E449BC5A924633F914B51BA8 /* Release */,
			);
			defaultConfigurationIsVisible = 0;
			defaultConfigurationName = Debug;
		};
		D3A27607FEADB530767F6B60 /* Build configuration list for PBXNativeTarget "WuhuAppTests" */ = {
			isa = XCConfigurationList;
			buildConfigurations = (
				A38E82DED6233D5251D82C10 /* Debug */,
				E4C71323722D741C910F7BF1 /* Release */,
			);
			defaultConfigurationIsVisible = 0;
			defaultConfigurationName = Debug;
		};
/* End XCConfigurationList section */

/* Begin XCLocalSwiftPackageReference section */
		5D9C399B8910DAA526E0B1B1 /* XCLocalSwiftPackageReference ".." */ = {
			isa = XCLocalSwiftPackageReference;
			relativePath = ..;
		};
/* End XCLocalSwiftPackageReference section */

/* Begin XCRemoteSwiftPackageReference section */
		2C88E990F392244B91FAF304 /* XCRemoteSwiftPackageReference "swift-case-paths" */ = {
			isa = XCRemoteSwiftPackageReference;
			repositoryURL = "https://github.com/pointfreeco/swift-case-paths";
			requirement = {
				kind = upToNextMajorVersion;
				minimumVersion = 1.7.2;
			};
		};
		3292281C5E232258F436252F /* XCRemoteSwiftPackageReference "swift-identified-collections" */ = {
			isa = XCRemoteSwiftPackageReference;
			repositoryURL = "https://github.com/pointfreeco/swift-identified-collections";
			requirement = {
				kind = upToNextMajorVersion;
				minimumVersion = 1.1.1;
			};
		};
		52668D81F08533FD63B15C0C /* XCRemoteSwiftPackageReference "swift-sharing" */ = {
			isa = XCRemoteSwiftPackageReference;
			repositoryURL = "https://github.com/pointfreeco/swift-sharing";
			requirement = {
				kind = upToNextMajorVersion;
				minimumVersion = 2.7.4;
			};
		};
		5B1F01722F247AA025EE310E /* XCRemoteSwiftPackageReference "swift-navigation" */ = {
			isa = XCRemoteSwiftPackageReference;
			repositoryURL = "https://github.com/pointfreeco/swift-navigation";
			requirement = {
				kind = upToNextMajorVersion;
				minimumVersion = 2.6.0;
			};
		};
		64EB064B6B4C7E0396FB11D6 /* XCRemoteSwiftPackageReference "xctest-dynamic-overlay" */ = {
			isa = XCRemoteSwiftPackageReference;
			repositoryURL = "https://github.com/pointfreeco/xctest-dynamic-overlay";
			requirement = {
				kind = upToNextMajorVersion;
				minimumVersion = 1.8.1;
			};
		};
		7910AA24295EEA8479B40FFB /* XCRemoteSwiftPackageReference "combine-schedulers" */ = {
			isa = XCRemoteSwiftPackageReference;
			repositoryURL = "https://github.com/pointfreeco/combine-schedulers";
			requirement = {
				kind = upToNextMajorVersion;
				minimumVersion = 1.1.0;
			};
		};
		A50C9D7281F762DEE2441FD1 /* XCRemoteSwiftPackageReference "swift-composable-architecture" */ = {
			isa = XCRemoteSwiftPackageReference;
			repositoryURL = "https://github.com/pointfreeco/swift-composable-architecture";
			requirement = {
				kind = upToNextMajorVersion;
				minimumVersion = 1.23.1;
			};
		};
		C25D5712E32BF66A552A9532 /* XCRemoteSwiftPackageReference "swift-concurrency-extras" */ = {
			isa = XCRemoteSwiftPackageReference;
			repositoryURL = "https://github.com/pointfreeco/swift-concurrency-extras";
			requirement = {
				kind = upToNextMajorVersion;
				minimumVersion = 1.3.2;
			};
		};
		C337A7444F8EB0473BDE1C00 /* XCRemoteSwiftPackageReference "swift-perception" */ = {
			isa = XCRemoteSwiftPackageReference;
			repositoryURL = "https://github.com/pointfreeco/swift-perception";
			requirement = {
				kind = upToNextMajorVersion;
				minimumVersion = 2.0.9;
			};
		};
		D68EC00895C5BC7E0F77DB08 /* XCRemoteSwiftPackageReference "swift-collections" */ = {
			isa = XCRemoteSwiftPackageReference;
			repositoryURL = "https://github.com/apple/swift-collections";
			requirement = {
				kind = upToNextMajorVersion;
				minimumVersion = 1.3.0;
			};
		};
		D7654F8677674F9D12C149C8 /* XCRemoteSwiftPackageReference "swift-dependencies" */ = {
			isa = XCRemoteSwiftPackageReference;
			repositoryURL = "https://github.com/pointfreeco/swift-dependencies";
			requirement = {
				kind = upToNextMajorVersion;
				minimumVersion = 1.11.0;
			};
		};
		E06C2ABC01EF4DFEE16D201B /* XCRemoteSwiftPackageReference "swift-custom-dump" */ = {
			isa = XCRemoteSwiftPackageReference;
			repositoryURL = "https://github.com/pointfreeco/swift-custom-dump";
			requirement = {
				kind = upToNextMajorVersion;
				minimumVersion = 1.4.1;
			};
		};
		F965D78F039953905009EE1E /* XCRemoteSwiftPackageReference "swift-clocks" */ = {
			isa = XCRemoteSwiftPackageReference;
			repositoryURL = "https://github.com/pointfreeco/swift-clocks";
			requirement = {
				kind = upToNextMajorVersion;
				minimumVersion = 1.0.6;
			};
		};
/* End XCRemoteSwiftPackageReference section */

/* Begin XCSwiftPackageProductDependency section */
		09A9041B72ECF4CF986C330A /* IdentifiedCollections */ = {
			isa = XCSwiftPackageProductDependency;
			package = 3292281C5E232258F436252F /* XCRemoteSwiftPackageReference "swift-identified-collections" */;
			productName = IdentifiedCollections;
		};
		16FBF1D2EB3E167E19702CC7 /* CustomDump */ = {
			isa = XCSwiftPackageProductDependency;
			package = E06C2ABC01EF4DFEE16D201B /* XCRemoteSwiftPackageReference "swift-custom-dump" */;
			productName = CustomDump;
		};
		29463DE8FB553E64E336C81D /* OrderedCollections */ = {
			isa = XCSwiftPackageProductDependency;
			package = D68EC00895C5BC7E0F77DB08 /* XCRemoteSwiftPackageReference "swift-collections" */;
			productName = OrderedCollections;
		};
		32B7B3C766404409A6DEED23 /* WuhuAPI */ = {
			isa = XCSwiftPackageProductDependency;
			productName = WuhuAPI;
		};
		34386B6DB75564D94A08F58C /* SwiftUINavigation */ = {
			isa = XCSwiftPackageProductDependency;
			package = 5B1F01722F247AA025EE310E /* XCRemoteSwiftPackageReference "swift-navigation" */;
			productName = SwiftUINavigation;
		};
		38861AA3277B3118C3CCAC65 /* CustomDump */ = {
			isa = XCSwiftPackageProductDependency;
			package = E06C2ABC01EF4DFEE16D201B /* XCRemoteSwiftPackageReference "swift-custom-dump" */;
			productName = CustomDump;
		};
		3F2AF5D83390F0B09E2C5241 /* ComposableArchitecture */ = {
			isa = XCSwiftPackageProductDependency;
			package = A50C9D7281F762DEE2441FD1 /* XCRemoteSwiftPackageReference "swift-composable-architecture" */;
			productName = ComposableArchitecture;
		};
		58C7405DC30D39E7D43796D0 /* IssueReporting */ = {
			isa = XCSwiftPackageProductDependency;
			package = 64EB064B6B4C7E0396FB11D6 /* XCRemoteSwiftPackageReference "xctest-dynamic-overlay" */;
			productName = IssueReporting;
		};
		637AF3F7088D4F802B2781DC /* WuhuClient */ = {
			isa = XCSwiftPackageProductDependency;
			productName = WuhuClient;
		};
		6B503F50E44EB182747DEC1F /* CombineSchedulers */ = {
			isa = XCSwiftPackageProductDependency;
			package = 7910AA24295EEA8479B40FFB /* XCRemoteSwiftPackageReference "combine-schedulers" */;
			productName = CombineSchedulers;
		};
		72ABF38CA549C89DCDFB95DB /* UIKitNavigation */ = {
			isa = XCSwiftPackageProductDependency;
			package = 5B1F01722F247AA025EE310E /* XCRemoteSwiftPackageReference "swift-navigation" */;
			productName = UIKitNavigation;
		};
		77954E7C36B136C1900F5DCD /* ComposableArchitecture */ = {
			isa = XCSwiftPackageProductDependency;
			package = A50C9D7281F762DEE2441FD1 /* XCRemoteSwiftPackageReference "swift-composable-architecture" */;
			productName = ComposableArchitecture;
		};
		779E98A1FE58655890260D19 /* SwiftUINavigation */ = {
			isa = XCSwiftPackageProductDependency;
			package = 5B1F01722F247AA025EE310E /* XCRemoteSwiftPackageReference "swift-navigation" */;
			productName = SwiftUINavigation;
		};
		7D0CF6934D649BFEA7BC4454 /* UIKitNavigation */ = {
			isa = XCSwiftPackageProductDependency;
			package = 5B1F01722F247AA025EE310E /* XCRemoteSwiftPackageReference "swift-navigation" */;
			productName = UIKitNavigation;
		};
		7F924732D330E4A5C343D99E /* CombineSchedulers */ = {
			isa = XCSwiftPackageProductDependency;
			package = 7910AA24295EEA8479B40FFB /* XCRemoteSwiftPackageReference "combine-schedulers" */;
			productName = CombineSchedulers;
		};
		81FCBA8E6C699FA3E7B00BA5 /* Sharing */ = {
			isa = XCSwiftPackageProductDependency;
			package = 52668D81F08533FD63B15C0C /* XCRemoteSwiftPackageReference "swift-sharing" */;
			productName = Sharing;
		};
		82FDB47980FF044BC54EB340 /* Sharing */ = {
			isa = XCSwiftPackageProductDependency;
			package = 52668D81F08533FD63B15C0C /* XCRemoteSwiftPackageReference "swift-sharing" */;
			productName = Sharing;
		};
		8FD5DAF162EB60FCC8D1A60A /* XCTestDynamicOverlay */ = {
			isa = XCSwiftPackageProductDependency;
			package = 64EB064B6B4C7E0396FB11D6 /* XCRemoteSwiftPackageReference "xctest-dynamic-overlay" */;
			productName = XCTestDynamicOverlay;
		};
		98F274AC8A4E69D5E06A90D5 /* Dependencies */ = {
			isa = XCSwiftPackageProductDependency;
			package = D7654F8677674F9D12C149C8 /* XCRemoteSwiftPackageReference "swift-dependencies" */;
			productName = Dependencies;
		};
		9D5FF342994EA99F0E8CA5AD /* CasePaths */ = {
			isa = XCSwiftPackageProductDependency;
			package = 2C88E990F392244B91FAF304 /* XCRemoteSwiftPackageReference "swift-case-paths" */;
			productName = CasePaths;
		};
		B198D95307A31F7F852EC5D7 /* IssueReporting */ = {
			isa = XCSwiftPackageProductDependency;
			package = 64EB064B6B4C7E0396FB11D6 /* XCRemoteSwiftPackageReference "xctest-dynamic-overlay" */;
			productName = IssueReporting;
		};
		C34461816FF0EC672BD3583E /* CasePaths */ = {
			isa = XCSwiftPackageProductDependency;
			package = 2C88E990F392244B91FAF304 /* XCRemoteSwiftPackageReference "swift-case-paths" */;
			productName = CasePaths;
		};
		C63108BF99F74F20535D17B8 /* XCTestDynamicOverlay */ = {
			isa = XCSwiftPackageProductDependency;
			package = 64EB064B6B4C7E0396FB11D6 /* XCRemoteSwiftPackageReference "xctest-dynamic-overlay" */;
			productName = XCTestDynamicOverlay;
		};
		C70FD59F70035AD12A5E0D23 /* IdentifiedCollections */ = {
			isa = XCSwiftPackageProductDependency;
			package = 3292281C5E232258F436252F /* XCRemoteSwiftPackageReference "swift-identified-collections" */;
			productName = IdentifiedCollections;
		};
		CBDCEE2CA313643DBFEE8B57 /* ConcurrencyExtras */ = {
			isa = XCSwiftPackageProductDependency;
			package = C25D5712E32BF66A552A9532 /* XCRemoteSwiftPackageReference "swift-concurrency-extras" */;
			productName = ConcurrencyExtras;
		};
		CC2BE91AE83336C9CDF5C0DC /* Clocks */ = {
			isa = XCSwiftPackageProductDependency;
			package = F965D78F039953905009EE1E /* XCRemoteSwiftPackageReference "swift-clocks" */;
			productName = Clocks;
		};
		D29738F909FD757081C52B71 /* ConcurrencyExtras */ = {
			isa = XCSwiftPackageProductDependency;
			package = C25D5712E32BF66A552A9532 /* XCRemoteSwiftPackageReference "swift-concurrency-extras" */;
			productName = ConcurrencyExtras;
		};
		D9AE1F0E9D423787EB495CDE /* Perception */ = {
			isa = XCSwiftPackageProductDependency;
			package = C337A7444F8EB0473BDE1C00 /* XCRemoteSwiftPackageReference "swift-perception" */;
			productName = Perception;
		};
		E5ED47BC9A0C36A545EC5B95 /* Dependencies */ = {
			isa = XCSwiftPackageProductDependency;
			package = D7654F8677674F9D12C149C8 /* XCRemoteSwiftPackageReference "swift-dependencies" */;
			productName = Dependencies;
		};
		E6DF445C3C19F913DEBBF6D5 /* Clocks */ = {
			isa = XCSwiftPackageProductDependency;
			package = F965D78F039953905009EE1E /* XCRemoteSwiftPackageReference "swift-clocks" */;
			productName = Clocks;
		};
		FDA8A04E47C63A360F3753D7 /* Perception */ = {
			isa = XCSwiftPackageProductDependency;
			package = C337A7444F8EB0473BDE1C00 /* XCRemoteSwiftPackageReference "swift-perception" */;
			productName = Perception;
		};
		FE1FD5DB11BF3F37EA90EEEB /* OrderedCollections */ = {
			isa = XCSwiftPackageProductDependency;
			package = D68EC00895C5BC7E0F77DB08 /* XCRemoteSwiftPackageReference "swift-collections" */;
			productName = OrderedCollections;
		};
/* End XCSwiftPackageProductDependency section */
	};
	rootObject = 3233010DE9FBD9236FFEB4A5 /* Project object */;
}
