{
  "version": "5",
  "specifiers": {
    "jsr:@std/assert@1.0.14": "1.0.14",
    "jsr:@std/internal@^1.0.10": "1.0.14",
    "jsr:@std/path@1.0.8": "1.0.8"
  },
  "jsr": {
    "@std/assert@1.0.14": {
      "integrity": "68d0d4a43b365abc927f45a9b85c639ea18a9fab96ad92281e493e4ed84abaa4",
      "dependencies": [
        "jsr:@std/internal"
      ]
    },
    "@std/internal@1.0.14": {
      "integrity": "291516b3d4c35024d6ffbc0a9df5bf4c64116e05b50012cf846710152d2ffdf7"
    },
    "@std/path@1.0.8": {
      "integrity": "548fa456bb6a04d3c1a1e7477986b6cffbce95102d0bb447c67c4ee70e0364be"
    }
  },
  "workspace": {
    "dependencies": [
      "jsr:@std/assert@1.0.14",
      "jsr:@std/path@1.0.8"
    ]
  }
}
